{
  "meteor": {},
  "dependencies": {
    "basePackages": {
      "googlemaps": {},
      "streams": {},
      "twit": {},
      "semantic-ui": {},
      "moment": {},
      "template-animation-helper": {},
      "view-manager": {},
      "animation-helper-velocity": {}
    },
    "packages": {
      "googlemaps": {
        "git": "https://github.com/drewjw81/meteor-googlemaps.git",
        "tag": "v0.0.2",
        "commit": "da8785c82cfd7de0111f898ef10728e7ed24e361"
      },
      "streams": {
        "git": "https://github.com/arunoda/meteor-streams.git",
        "tag": "v0.1.17",
        "commit": "9fcbbc9b7bf542827babc92089c19e730892a22f"
      },
      "twit": {
        "git": "https://github.com/subhog/meteor-twit.git",
        "tag": "v0.2.0",
        "commit": "3eb473f9efef8c77ae6a8eb6715fbdf93c4d87c0"
      },
      "semantic-ui": {
        "git": "https://github.com/nooitaf/meteor-semantic-ui.git",
        "tag": "v0.19.0",
        "commit": "23ddf7b58db125cc33d0d95d58fcac940f262481"
      },
      "moment": {
        "git": "https://github.com/acreeger/meteor-moment.git",
        "tag": "v2.6.0",
        "commit": "26156df681750fd6e6ed77043eef32b6653ebbdf"
      },
      "template-animation-helper": {
        "git": "https://github.com/frozeman/meteor-template-animation-helper.git",
        "tag": "v1.1.5",
        "commit": "bab74148777bc2f086118f18fffb4264930495c5"
      },
      "view-manager": {
        "git": "https://github.com/frozeman/meteor-view-manager.git",
        "tag": "v0.1.6",
        "commit": "e689883ce22917c5254c25a661588a549c1d933c"
      },
      "animation-helper-velocity": {
        "git": "https://github.com/frozeman/meteor-animation-helper-velocity.git",
        "tag": "v0.0.7",
        "commit": "7ca3391de481c9af1d9e3bc3e0d819bc767b0946"
      },
      "velocityjs": {
        "git": "https://github.com/Sewdn/meteor-velocityjs.git",
        "tag": "v0.8.0",
        "commit": "5e96099e2cf8f99dbc7ed61225e96b0ba833ff08"
      },
      "underscore-string-latest": {
        "git": "https://github.com/TimHeckel/meteor-underscore-string.git",
        "tag": "v2.3.3",
        "commit": "4a5d70eee48fbd90a6e6fc78747250d704a0b3bb"
      }
    }
  }
}
